github.com/google/uuid v1.4.0 h1:MtMxsa51/r9yyhkyLsVeVt0B+BGQZzpQiTQ4eHZ8bc4=
github.com/google/uuid v1.4.0/go.mod h1:TIyPZe4MgqvfeYDBFedMoGGpEw/LqOeaOT+nhxU+yHo=
gopkg.in/routeros.v2 v2.0.0-20190905230420-1bbf141cdd91 h1:RqTijcxlh3kwSEx4M1YfVoIBgA6rFO632PIOIjXAbz4=
gopkg.in/routeros.v2 v2.0.0-20190905230420-1bbf141cdd91/go.mod h1:dXYL5YdVb9GEWLoWK8VHdwL/SuFrNyb/hj2/CXZVT7E=
